
Microsoft Visual Studio Solution File, Format Version 12.00
# Visual Studio Version 16
VisualStudioVersion = 16.0.31129.286
MinimumVisualStudioVersion = 10.0.40219.1
Project("{FAE04EC0-301F-11D3-BF4B-00C04F79EFBC}") = "DrawSprite", "DrawSprite\DrawSprite.csproj", "{AE32C191-ECDD-464F-98B1-117FA05DEC15}"
EndProject
Global
	GlobalSection(SolutionConfigurationPlatforms) = preSolution
		Debug|Any CPU = Debug|Any CPU
		Release|Any CPU = Release|Any CPU
	EndGlobalSection
	GlobalSection(ProjectConfigurationPlatforms) = postSolution
		{AE32C191-ECDD-464F-98B1-117FA05DEC15}.Debug|Any CPU.ActiveCfg = Debug|Any CPU
		{AE32C191-ECDD-464F-98B1-117FA05DEC15}.Debug|Any CPU.Build.0 = Debug|Any CPU
		{AE32C191-ECDD-464F-98B1-117FA05DEC15}.Release|Any CPU.ActiveCfg = Release|Any CPU
		{AE32C191-ECDD-464F-98B1-117FA05DEC15}.Release|Any CPU.Build.0 = Release|Any CPU
	EndGlobalSection
	GlobalSection(SolutionProperties) = preSolution
		HideSolutionNode = FALSE
	EndGlobalSection
	GlobalSection(ExtensibilityGlobals) = postSolution
		SolutionGuid = {FA5BBE4C-0F6D-41F7-84CF-433EC90E424C}
	EndGlobalSection
EndGlobal
